
Microsoft Visual Studio Solution File, Format Version 12.00
# Visual Studio Version 16
VisualStudioVersion = 16.0.30907.101
MinimumVisualStudioVersion = 10.0.40219.1
Project("{2150E333-8FDC-42A3-9474-1A3956D46DE8}") = "Services", "Services", "{EE95BA66-C188-4932-AC25-D4780790A354}"
EndProject
Project("{2150E333-8FDC-42A3-9474-1A3956D46DE8}") = "Catalog", "Catalog", "{C6BF05EF-6E6E-4D12-99D2-B93FF9A95811}"
EndProject
Project("{9A19103F-16F7-4668-BE54-9A1E7A4F7556}") = "Catalog.API", "Services\Catalog\Catalog.API\Catalog.API.csproj", "{EE961702-B981-40D5-86FC-761FF55561AC}"
EndProject
Project("{E53339B2-1760-4266-BCC7-CA923CBCF16C}") = "docker-compose", "docker-compose.dcproj", "{CDFBF705-3432-4DA2-8566-B7C31A2B356D}"
EndProject
Project("{2150E333-8FDC-42A3-9474-1A3956D46DE8}") = "Basket", "Basket", "{E1C7AA6B-19D4-4F31-8626-BE753A8A6D36}"
EndProject
Project("{9A19103F-16F7-4668-BE54-9A1E7A4F7556}") = "Basket.API", "Services\Basket\Basket.API\Basket.API.csproj", "{EC6B47D5-0252-47CC-B015-363B725AD556}"
EndProject
Project("{2150E333-8FDC-42A3-9474-1A3956D46DE8}") = "Discount", "Discount", "{69C268DD-CE43-4723-AF26-6174E3ADCA47}"
EndProject
Project("{9A19103F-16F7-4668-BE54-9A1E7A4F7556}") = "Discount.API", "Services\Discount\Discount.API\Discount.API.csproj", "{60D41776-BE63-49B1-8B2F-12199A64E54E}"
EndProject
Project("{2150E333-8FDC-42A3-9474-1A3956D46DE8}") = "Orders", "Orders", "{6B21AE41-B0F9-442C-93E3-16AB114C3A04}"
EndProject
Project("{9A19103F-16F7-4668-BE54-9A1E7A4F7556}") = "Orders.API", "Services\Orders\Orders.API\Orders.API.csproj", "{0FCE3E59-6359-481F-957E-9225E79AE559}"
EndProject
Project("{9A19103F-16F7-4668-BE54-9A1E7A4F7556}") = "Orders.Domain", "Services\Orders\Orders.Domain\Orders.Domain.csproj", "{51C9E34D-7D3E-4B7A-93E2-D1D586D16F9E}"
EndProject
Project("{9A19103F-16F7-4668-BE54-9A1E7A4F7556}") = "Orders.Application", "Services\Orders\Orders.Application\Orders.Application.csproj", "{7E3DD784-D5E6-440D-9723-D322BE7AD612}"
EndProject
Project("{9A19103F-16F7-4668-BE54-9A1E7A4F7556}") = "Orders.Infrastructure", "Services\Infrastructure\Orders.Infrastructure\Orders.Infrastructure.csproj", "{17D73457-B358-4F08-B9EA-DC4B9526A26A}"
EndProject
Project("{9A19103F-16F7-4668-BE54-9A1E7A4F7556}") = "Discount.Grpc", "Services\Discount\Discount.Grpc\Discount.Grpc.csproj", "{C4BC1FBD-495C-4484-9350-2058B6295921}"
EndProject
Project("{2150E333-8FDC-42A3-9474-1A3956D46DE8}") = "BuildingBlocks", "BuildingBlocks", "{E12C407F-EF89-4876-AAF6-6185FA125249}"
EndProject
Project("{9A19103F-16F7-4668-BE54-9A1E7A4F7556}") = "EventBus.Messages", "BuildingBlocks\EventBus.Messages\EventBus.Messages.csproj", "{16A59769-6129-433E-81FB-C8710D3FFE32}"
EndProject
Project("{2150E333-8FDC-42A3-9474-1A3956D46DE8}") = "ApiGateways", "ApiGateways", "{BF71042E-AEC0-4A13-BC85-C6F7EDE3C5A5}"
EndProject
Project("{FAE04EC0-301F-11D3-BF4B-00C04F79EFBC}") = "OcelotApiGW", "ApiGateways\OcelotApiGW\OcelotApiGW.csproj", "{0F98BE7B-38E5-4089-A700-16CB7B0E9B20}"
EndProject
Global
	GlobalSection(SolutionConfigurationPlatforms) = preSolution
		Debug|Any CPU = Debug|Any CPU
		Release|Any CPU = Release|Any CPU
	EndGlobalSection
	GlobalSection(ProjectConfigurationPlatforms) = postSolution
		{EE961702-B981-40D5-86FC-761FF55561AC}.Debug|Any CPU.ActiveCfg = Debug|Any CPU
		{EE961702-B981-40D5-86FC-761FF55561AC}.Debug|Any CPU.Build.0 = Debug|Any CPU
		{EE961702-B981-40D5-86FC-761FF55561AC}.Release|Any CPU.ActiveCfg = Release|Any CPU
		{EE961702-B981-40D5-86FC-761FF55561AC}.Release|Any CPU.Build.0 = Release|Any CPU
		{CDFBF705-3432-4DA2-8566-B7C31A2B356D}.Debug|Any CPU.ActiveCfg = Debug|Any CPU
		{CDFBF705-3432-4DA2-8566-B7C31A2B356D}.Debug|Any CPU.Build.0 = Debug|Any CPU
		{CDFBF705-3432-4DA2-8566-B7C31A2B356D}.Release|Any CPU.ActiveCfg = Release|Any CPU
		{CDFBF705-3432-4DA2-8566-B7C31A2B356D}.Release|Any CPU.Build.0 = Release|Any CPU
		{EC6B47D5-0252-47CC-B015-363B725AD556}.Debug|Any CPU.ActiveCfg = Debug|Any CPU
		{EC6B47D5-0252-47CC-B015-363B725AD556}.Debug|Any CPU.Build.0 = Debug|Any CPU
		{EC6B47D5-0252-47CC-B015-363B725AD556}.Release|Any CPU.ActiveCfg = Release|Any CPU
		{EC6B47D5-0252-47CC-B015-363B725AD556}.Release|Any CPU.Build.0 = Release|Any CPU
		{60D41776-BE63-49B1-8B2F-12199A64E54E}.Debug|Any CPU.ActiveCfg = Debug|Any CPU
		{60D41776-BE63-49B1-8B2F-12199A64E54E}.Debug|Any CPU.Build.0 = Debug|Any CPU
		{60D41776-BE63-49B1-8B2F-12199A64E54E}.Release|Any CPU.ActiveCfg = Release|Any CPU
		{60D41776-BE63-49B1-8B2F-12199A64E54E}.Release|Any CPU.Build.0 = Release|Any CPU
		{0FCE3E59-6359-481F-957E-9225E79AE559}.Debug|Any CPU.ActiveCfg = Debug|Any CPU
		{0FCE3E59-6359-481F-957E-9225E79AE559}.Debug|Any CPU.Build.0 = Debug|Any CPU
		{0FCE3E59-6359-481F-957E-9225E79AE559}.Release|Any CPU.ActiveCfg = Release|Any CPU
		{0FCE3E59-6359-481F-957E-9225E79AE559}.Release|Any CPU.Build.0 = Release|Any CPU
		{51C9E34D-7D3E-4B7A-93E2-D1D586D16F9E}.Debug|Any CPU.ActiveCfg = Debug|Any CPU
		{51C9E34D-7D3E-4B7A-93E2-D1D586D16F9E}.Debug|Any CPU.Build.0 = Debug|Any CPU
		{51C9E34D-7D3E-4B7A-93E2-D1D586D16F9E}.Release|Any CPU.ActiveCfg = Release|Any CPU
		{51C9E34D-7D3E-4B7A-93E2-D1D586D16F9E}.Release|Any CPU.Build.0 = Release|Any CPU
		{7E3DD784-D5E6-440D-9723-D322BE7AD612}.Debug|Any CPU.ActiveCfg = Debug|Any CPU
		{7E3DD784-D5E6-440D-9723-D322BE7AD612}.Debug|Any CPU.Build.0 = Debug|Any CPU
		{7E3DD784-D5E6-440D-9723-D322BE7AD612}.Release|Any CPU.ActiveCfg = Release|Any CPU
		{7E3DD784-D5E6-440D-9723-D322BE7AD612}.Release|Any CPU.Build.0 = Release|Any CPU
		{17D73457-B358-4F08-B9EA-DC4B9526A26A}.Debug|Any CPU.ActiveCfg = Debug|Any CPU
		{17D73457-B358-4F08-B9EA-DC4B9526A26A}.Debug|Any CPU.Build.0 = Debug|Any CPU
		{17D73457-B358-4F08-B9EA-DC4B9526A26A}.Release|Any CPU.ActiveCfg = Release|Any CPU
		{17D73457-B358-4F08-B9EA-DC4B9526A26A}.Release|Any CPU.Build.0 = Release|Any CPU
		{C4BC1FBD-495C-4484-9350-2058B6295921}.Debug|Any CPU.ActiveCfg = Debug|Any CPU
		{C4BC1FBD-495C-4484-9350-2058B6295921}.Debug|Any CPU.Build.0 = Debug|Any CPU
		{C4BC1FBD-495C-4484-9350-2058B6295921}.Release|Any CPU.ActiveCfg = Release|Any CPU
		{C4BC1FBD-495C-4484-9350-2058B6295921}.Release|Any CPU.Build.0 = Release|Any CPU
		{16A59769-6129-433E-81FB-C8710D3FFE32}.Debug|Any CPU.ActiveCfg = Debug|Any CPU
		{16A59769-6129-433E-81FB-C8710D3FFE32}.Debug|Any CPU.Build.0 = Debug|Any CPU
		{16A59769-6129-433E-81FB-C8710D3FFE32}.Release|Any CPU.ActiveCfg = Release|Any CPU
		{16A59769-6129-433E-81FB-C8710D3FFE32}.Release|Any CPU.Build.0 = Release|Any CPU
		{0F98BE7B-38E5-4089-A700-16CB7B0E9B20}.Debug|Any CPU.ActiveCfg = Debug|Any CPU
		{0F98BE7B-38E5-4089-A700-16CB7B0E9B20}.Debug|Any CPU.Build.0 = Debug|Any CPU
		{0F98BE7B-38E5-4089-A700-16CB7B0E9B20}.Release|Any CPU.ActiveCfg = Release|Any CPU
		{0F98BE7B-38E5-4089-A700-16CB7B0E9B20}.Release|Any CPU.Build.0 = Release|Any CPU
	EndGlobalSection
	GlobalSection(SolutionProperties) = preSolution
		HideSolutionNode = FALSE
	EndGlobalSection
	GlobalSection(NestedProjects) = preSolution
		{C6BF05EF-6E6E-4D12-99D2-B93FF9A95811} = {EE95BA66-C188-4932-AC25-D4780790A354}
		{EE961702-B981-40D5-86FC-761FF55561AC} = {C6BF05EF-6E6E-4D12-99D2-B93FF9A95811}
		{E1C7AA6B-19D4-4F31-8626-BE753A8A6D36} = {EE95BA66-C188-4932-AC25-D4780790A354}
		{EC6B47D5-0252-47CC-B015-363B725AD556} = {E1C7AA6B-19D4-4F31-8626-BE753A8A6D36}
		{69C268DD-CE43-4723-AF26-6174E3ADCA47} = {EE95BA66-C188-4932-AC25-D4780790A354}
		{60D41776-BE63-49B1-8B2F-12199A64E54E} = {69C268DD-CE43-4723-AF26-6174E3ADCA47}
		{6B21AE41-B0F9-442C-93E3-16AB114C3A04} = {EE95BA66-C188-4932-AC25-D4780790A354}
		{0FCE3E59-6359-481F-957E-9225E79AE559} = {6B21AE41-B0F9-442C-93E3-16AB114C3A04}
		{51C9E34D-7D3E-4B7A-93E2-D1D586D16F9E} = {6B21AE41-B0F9-442C-93E3-16AB114C3A04}
		{7E3DD784-D5E6-440D-9723-D322BE7AD612} = {6B21AE41-B0F9-442C-93E3-16AB114C3A04}
		{17D73457-B358-4F08-B9EA-DC4B9526A26A} = {6B21AE41-B0F9-442C-93E3-16AB114C3A04}
		{C4BC1FBD-495C-4484-9350-2058B6295921} = {69C268DD-CE43-4723-AF26-6174E3ADCA47}
		{16A59769-6129-433E-81FB-C8710D3FFE32} = {E12C407F-EF89-4876-AAF6-6185FA125249}
		{0F98BE7B-38E5-4089-A700-16CB7B0E9B20} = {BF71042E-AEC0-4A13-BC85-C6F7EDE3C5A5}
	EndGlobalSection
	GlobalSection(ExtensibilityGlobals) = postSolution
		SolutionGuid = {04903DFD-A6CE-45F7-B963-579AB2DA2064}
	EndGlobalSection
EndGlobal
